// !$*UTF8*$!
{
	archiveVersion = 1;
	classes = {
	};
	objectVersion = 56;
	objects = {

/* Begin PBXBuildFile section */
		F406E4FB2BDF261D00C6CF56 /* GrapeTodoApp.swift in Sources */ = {isa = PBXBuildFile; fileRef = F406E4FA2BDF261D00C6CF56 /* GrapeTodoApp.swift */; };
		F406E4FD2BDF261D00C6CF56 /* ContentView.swift in Sources */ = {isa = PBXBuildFile; fileRef = F406E4FC2BDF261D00C6CF56 /* ContentView.swift */; };
		F406E4FF2BDF261E00C6CF56 /* Assets.xcassets in Resources */ = {isa = PBXBuildFile; fileRef = F406E4FE2BDF261E00C6CF56 /* Assets.xcassets */; };
		F406E5022BDF261E00C6CF56 /* Preview Assets.xcassets in Resources */ = {isa = PBXBuildFile; fileRef = F406E5012BDF261E00C6CF56 /* Preview Assets.xcassets */; };
		F4B0B0DA2BE082DA00C11D36 /* Todo.swift in Sources */ = {isa = PBXBuildFile; fileRef = F4B0B0D92BE082DA00C11D36 /* Todo.swift */; };
		F4B0B0DC2BE0832900C11D36 /* TodoDetailView.swift in Sources */ = {isa = PBXBuildFile; fileRef = F4B0B0DB2BE0832900C11D36 /* TodoDetailView.swift */; };
		F4B0B0DE2BE0838D00C11D36 /* StatusIndicator.swift in Sources */ = {isa = PBXBuildFile; fileRef = F4B0B0DD2BE0838D00C11D36 /* StatusIndicator.swift */; };
		F4B0B0E02BE086A100C11D36 /* AddView.swift in Sources */ = {isa = PBXBuildFile; fileRef = F4B0B0DF2BE086A100C11D36 /* AddView.swift */; };
/* End PBXBuildFile section */

/* Begin PBXFileReference section */
		F406E4F72BDF261D00C6CF56 /* GrapeTodo.app */ = {isa = PBXFileReference; explicitFileType = wrapper.application; includeInIndex = 0; path = GrapeTodo.app; sourceTree = BUILT_PRODUCTS_DIR; };
		F406E4FA2BDF261D00C6CF56 /* GrapeTodoApp.swift */ = {isa = PBXFileReference; lastKnownFileType = sourcecode.swift; path = GrapeTodoApp.swift; sourceTree = "<group>"; };
		F406E4FC2BDF261D00C6CF56 /* ContentView.swift */ = {isa = PBXFileReference; lastKnownFileType = sourcecode.swift; path = ContentView.swift; sourceTree = "<group>"; };
		F406E4FE2BDF261E00C6CF56 /* Assets.xcassets */ = {isa = PBXFileReference; lastKnownFileType = folder.assetcatalog; path = Assets.xcassets; sourceTree = "<group>"; };
		F406E5012BDF261E00C6CF56 /* Preview Assets.xcassets */ = {isa = PBXFileReference; lastKnownFileType = folder.assetcatalog; path = "Preview Assets.xcassets"; sourceTree = "<group>"; };
		F4B0B0D92BE082DA00C11D36 /* Todo.swift */ = {isa = PBXFileReference; lastKnownFileType = sourcecode.swift; path = Todo.swift; sourceTree = "<group>"; };
		F4B0B0DB2BE0832900C11D36 /* TodoDetailView.swift */ = {isa = PBXFileReference; lastKnownFileType = sourcecode.swift; path = TodoDetailView.swift; sourceTree = "<group>"; };
		F4B0B0DD2BE0838D00C11D36 /* StatusIndicator.swift */ = {isa = PBXFileReference; lastKnownFileType = sourcecode.swift; path = StatusIndicator.swift; sourceTree = "<group>"; };
		F4B0B0DF2BE086A100C11D36 /* AddView.swift */ = {isa = PBXFileReference; lastKnownFileType = sourcecode.swift; path = AddView.swift; sourceTree = "<group>"; };
/* End PBXFileReference section */

/* Begin PBXFrameworksBuildPhase section */
		F406E4F42BDF261D00C6CF56 /* Frameworks */ = {
			isa = PBXFrameworksBuildPhase;
			buildActionMask = 2147483647;
			files = (
			);
			runOnlyForDeploymentPostprocessing = 0;
		};
/* End PBXFrameworksBuildPhase section */

/* Begin PBXGroup section */
		F406E4EE2BDF261D00C6CF56 = {
			isa = PBXGroup;
			children = (
				F406E4F92BDF261D00C6CF56 /* GrapeTodo */,
				F406E4F82BDF261D00C6CF56 /* Products */,
			);
			sourceTree = "<group>";
		};
		F406E4F82BDF261D00C6CF56 /* Products */ = {
			isa = PBXGroup;
			children = (
				F406E4F72BDF261D00C6CF56 /* GrapeTodo.app */,
			);
			name = Products;
			sourceTree = "<group>";
		};
		F406E4F92BDF261D00C6CF56 /* GrapeTodo */ = {
			isa = PBXGroup;
			children = (
				F4B0B0D82BE082A000C11D36 /* Model */,
				F4B0B0D72BE0829500C11D36 /* View */,
				F406E4FA2BDF261D00C6CF56 /* GrapeTodoApp.swift */,
				F406E4FE2BDF261E00C6CF56 /* Assets.xcassets */,
				F406E5002BDF261E00C6CF56 /* Preview Content */,
			);
			path = GrapeTodo;
			sourceTree = "<group>";
		};
		F406E5002BDF261E00C6CF56 /* Preview Content */ = {
			isa = PBXGroup;
			children = (
				F406E5012BDF261E00C6CF56 /* Preview Assets.xcassets */,
			);
			path = "Preview Content";
			sourceTree = "<group>";
		};
		F4B0B0D72BE0829500C11D36 /* View */ = {
			isa = PBXGroup;
			children = (
				F406E4FC2BDF261D00C6CF56 /* ContentView.swift */,
				F4B0B0DF2BE086A100C11D36 /* AddView.swift */,
				F4B0B0DB2BE0832900C11D36 /* TodoDetailView.swift */,
				F4B0B0DD2BE0838D00C11D36 /* StatusIndicator.swift */,
			);
			path = View;
			sourceTree = "<group>";
		};
		F4B0B0D82BE082A000C11D36 /* Model */ = {
			isa = PBXGroup;
			children = (
				F4B0B0D92BE082DA00C11D36 /* Todo.swift */,
			);
			path = Model;
			sourceTree = "<group>";
		};
/* End PBXGroup section */

/* Begin PBXNativeTarget section */
		F406E4F62BDF261D00C6CF56 /* GrapeTodo */ = {
			isa = PBXNativeTarget;
			buildConfigurationList = F406E5052BDF261E00C6CF56 /* Build configuration list for PBXNativeTarget "GrapeTodo" */;
			buildPhases = (
				F406E4F32BDF261D00C6CF56 /* Sources */,
				F406E4F42BDF261D00C6CF56 /* Frameworks */,
				F406E4F52BDF261D00C6CF56 /* Resources */,
			);
			buildRules = (
			);
			dependencies = (
			);
			name = GrapeTodo;
			productName = GrapeTodo;
			productReference = F406E4F72BDF261D00C6CF56 /* GrapeTodo.app */;
			productType = "com.apple.product-type.application";
		};
/* End PBXNativeTarget section */

/* Begin PBXProject section */
		F406E4EF2BDF261D00C6CF56 /* Project object */ = {
			isa = PBXProject;
			attributes = {
				BuildIndependentTargetsInParallel = 1;
				LastSwiftUpdateCheck = 1530;
				LastUpgradeCheck = 1530;
				TargetAttributes = {
					F406E4F62BDF261D00C6CF56 = {
						CreatedOnToolsVersion = 15.3;
					};
				};
			};
			buildConfigurationList = F406E4F22BDF261D00C6CF56 /* Build configuration list for PBXProject "GrapeTodo" */;
			compatibilityVersion = "Xcode 14.0";
			developmentRegion = en;
			hasScannedForEncodings = 0;
			knownRegions = (
				en,
				Base,
			);
			mainGroup = F406E4EE2BDF261D00C6CF56;
			productRefGroup = F406E4F82BDF261D00C6CF56 /* Products */;
			projectDirPath = "";
			projectRoot = "";
			targets = (
				F406E4F62BDF261D00C6CF56 /* GrapeTodo */,
			);
		};
/* End PBXProject section */

/* Begin PBXResourcesBuildPhase section */
		F406E4F52BDF261D00C6CF56 /* Resources */ = {
			isa = PBXResourcesBuildPhase;
			buildActionMask = 2147483647;
			files = (
				F406E5022BDF261E00C6CF56 /* Preview Assets.xcassets in Resources */,
				F406E4FF2BDF261E00C6CF56 /* Assets.xcassets in Resources */,
			);
			runOnlyForDeploymentPostprocessing = 0;
		};
/* End PBXResourcesBuildPhase section */

/* Begin PBXSourcesBuildPhase section */
		F406E4F32BDF261D00C6CF56 /* Sources */ = {
			isa = PBXSourcesBuildPhase;
			buildActionMask = 2147483647;
			files = (
				F4B0B0DE2BE0838D00C11D36 /* StatusIndicator.swift in Sources */,
				F406E4FD2BDF261D00C6CF56 /* ContentView.swift in Sources */,
				F4B0B0E02BE086A100C11D36 /* AddView.swift in Sources */,
				F4B0B0DA2BE082DA00C11D36 /* Todo.swift in Sources */,
				F406E4FB2BDF261D00C6CF56 /* GrapeTodoApp.swift in Sources */,
				F4B0B0DC2BE0832900C11D36 /* TodoDetailView.swift in Sources */,
			);
			runOnlyForDeploymentPostprocessing = 0;
		};
/* End PBXSourcesBuildPhase section */

/* Begin XCBuildConfiguration section */
		F406E5032BDF261E00C6CF56 /* Debug */ = {
			isa = XCBuildConfiguration;
			buildSettings = {
				ALWAYS_SEARCH_USER_PATHS = NO;
				ASSETCATALOG_COMPILER_GENERATE_SWIFT_ASSET_SYMBOL_EXTENSIONS = YES;
				CLANG_ANALYZER_NONNULL = YES;
				CLANG_ANALYZER_NUMBER_OBJECT_CONVERSION = YES_AGGRESSIVE;
				CLANG_CXX_LANGUAGE_STANDARD = "gnu++20";
				CLANG_ENABLE_MODULES = YES;
				CLANG_ENABLE_OBJC_ARC = YES;
				CLANG_ENABLE_OBJC_WEAK = YES;
				CLANG_WARN_BLOCK_CAPTURE_AUTORELEASING = YES;
				CLANG_WARN_BOOL_CONVERSION = YES;
				CLANG_WARN_COMMA = YES;
				CLANG_WARN_CONSTANT_CONVERSION = YES;
				CLANG_WARN_DEPRECATED_OBJC_IMPLEMENTATIONS = YES;
				CLANG_WARN_DIRECT_OBJC_ISA_USAGE = YES_ERROR;
				CLANG_WARN_DOCUMENTATION_COMMENTS = YES;
				CLANG_WARN_EMPTY_BODY = YES;
				CLANG_WARN_ENUM_CONVERSION = YES;
				CLANG_WARN_INFINITE_RECURSION = YES;
				CLANG_WARN_INT_CONVERSION = YES;
				CLANG_WARN_NON_LITERAL_NULL_CONVERSION = YES;
				CLANG_WARN_OBJC_IMPLICIT_RETAIN_SELF = YES;
				CLANG_WARN_OBJC_LITERAL_CONVERSION = YES;
				CLANG_WARN_OBJC_ROOT_CLASS = YES_ERROR;
				CLANG_WARN_QUOTED_INCLUDE_IN_FRAMEWORK_HEADER = YES;
				CLANG_WARN_RANGE_LOOP_ANALYSIS = YES;
				CLANG_WARN_STRICT_PROTOTYPES = YES;
				CLANG_WARN_SUSPICIOUS_MOVE = YES;
				CLANG_WARN_UNGUARDED_AVAILABILITY = YES_AGGRESSIVE;
				CLANG_WARN_UNREACHABLE_CODE = YES;
				CLANG_WARN__DUPLICATE_METHOD_MATCH = YES;
				COPY_PHASE_STRIP = NO;
				DEBUG_INFORMATION_FORMAT = dwarf;
				ENABLE_STRICT_OBJC_MSGSEND = YES;
				ENABLE_TESTABILITY = YES;
				ENABLE_USER_SCRIPT_SANDBOXING = YES;
				GCC_C_LANGUAGE_STANDARD = gnu17;
				GCC_DYNAMIC_NO_PIC = NO;
				GCC_NO_COMMON_BLOCKS = YES;
				GCC_OPTIMIZATION_LEVEL = 0;
				GCC_PREPROCESSOR_DEFINITIONS = (
					"DEBUG=1",
					"$(inherited)",
				);
				GCC_WARN_64_TO_32_BIT_CONVERSION = YES;
				GCC_WARN_ABOUT_RETURN_TYPE = YES_ERROR;
				GCC_WARN_UNDECLARED_SELECTOR = YES;
				GCC_WARN_UNINITIALIZED_AUTOS = YES_AGGRESSIVE;
				GCC_WARN_UNUSED_FUNCTION = YES;
				GCC_WARN_UNUSED_VARIABLE = YES;
				IPHONEOS_DEPLOYMENT_TARGET = 17.4;
				LOCALIZATION_PREFERS_STRING_CATALOGS = YES;
				MTL_ENABLE_DEBUG_INFO = INCLUDE_SOURCE;
				MTL_FAST_MATH = YES;
				ONLY_ACTIVE_ARCH = YES;
				SDKROOT = iphoneos;
				SWIFT_ACTIVE_COMPILATION_CONDITIONS = "DEBUG $(inherited)";
				SWIFT_OPTIMIZATION_LEVEL = "-Onone";
			};
			name = Debug;
		};
		F406E5042BDF261E00C6CF56 /* Release */ = {
			isa = XCBuildConfiguration;
			buildSettings = {
				ALWAYS_SEARCH_USER_PATHS = NO;
				ASSETCATALOG_COMPILER_GENERATE_SWIFT_ASSET_SYMBOL_EXTENSIONS = YES;
				CLANG_ANALYZER_NONNULL = YES;
				CLANG_ANALYZER_NUMBER_OBJECT_CONVERSION = YES_AGGRESSIVE;
				CLANG_CXX_LANGUAGE_STANDARD = "gnu++20";
				CLANG_ENABLE_MODULES = YES;
				CLANG_ENABLE_OBJC_ARC = YES;
				CLANG_ENABLE_OBJC_WEAK = YES;
				CLANG_WARN_BLOCK_CAPTURE_AUTORELEASING = YES;
				CLANG_WARN_BOOL_CONVERSION = YES;
				CLANG_WARN_COMMA = YES;
				CLANG_WARN_CONSTANT_CONVERSION = YES;
				CLANG_WARN_DEPRECATED_OBJC_IMPLEMENTATIONS = YES;
				CLANG_WARN_DIRECT_OBJC_ISA_USAGE = YES_ERROR;
				CLANG_WARN_DOCUMENTATION_COMMENTS = YES;
				CLANG_WARN_EMPTY_BODY = YES;
				CLANG_WARN_ENUM_CONVERSION = YES;
				CLANG_WARN_INFINITE_RECURSION = YES;
				CLANG_WARN_INT_CONVERSION = YES;
				CLANG_WARN_NON_LITERAL_NULL_CONVERSION = YES;
				CLANG_WARN_OBJC_IMPLICIT_RETAIN_SELF = YES;
				CLANG_WARN_OBJC_LITERAL_CONVERSION = YES;
				CLANG_WARN_OBJC_ROOT_CLASS = YES_ERROR;
				CLANG_WARN_QUOTED_INCLUDE_IN_FRAMEWORK_HEADER = YES;
				CLANG_WARN_RANGE_LOOP_ANALYSIS = YES;
				CLANG_WARN_STRICT_PROTOTYPES = YES;
				CLANG_WARN_SUSPICIOUS_MOVE = YES;
				CLANG_WARN_UNGUARDED_AVAILABILITY = YES_AGGRESSIVE;
				CLANG_WARN_UNREACHABLE_CODE = YES;
				CLANG_WARN__DUPLICATE_METHOD_MATCH = YES;
				COPY_PHASE_STRIP = NO;
				DEBUG_INFORMATION_FORMAT = "dwarf-with-dsym";
				ENABLE_NS_ASSERTIONS = NO;
				ENABLE_STRICT_OBJC_MSGSEND = YES;
				ENABLE_USER_SCRIPT_SANDBOXING = YES;
				GCC_C_LANGUAGE_STANDARD = gnu17;
				GCC_NO_COMMON_BLOCKS = YES;
				GCC_WARN_64_TO_32_BIT_CONVERSION = YES;
				GCC_WARN_ABOUT_RETURN_TYPE = YES_ERROR;
				GCC_WARN_UNDECLARED_SELECTOR = YES;
				GCC_WARN_UNINITIALIZED_AUTOS = YES_AGGRESSIVE;
				GCC_WARN_UNUSED_FUNCTION = YES;
				GCC_WARN_UNUSED_VARIABLE = YES;
				IPHONEOS_DEPLOYMENT_TARGET = 17.4;
				LOCALIZATION_PREFERS_STRING_CATALOGS = YES;
				MTL_ENABLE_DEBUG_INFO = NO;
				MTL_FAST_MATH = YES;
				SDKROOT = iphoneos;
				SWIFT_COMPILATION_MODE = wholemodule;
				VALIDATE_PRODUCT = YES;
			};
			name = Release;
		};
		F406E5062BDF261E00C6CF56 /* Debug */ = {
			isa = XCBuildConfiguration;
			buildSettings = {
				ASSETCATALOG_COMPILER_APPICON_NAME = AppIcon;
				ASSETCATALOG_COMPILER_GLOBAL_ACCENT_COLOR_NAME = AccentColor;
				CODE_SIGN_STYLE = Automatic;
				CURRENT_PROJECT_VERSION = 1;
				DEVELOPMENT_ASSET_PATHS = "\"GrapeTodo/Preview Content\"";
				DEVELOPMENT_TEAM = S33G38SRJ3;
				ENABLE_PREVIEWS = YES;
				GENERATE_INFOPLIST_FILE = YES;
				INFOPLIST_KEY_UIApplicationSceneManifest_Generation = YES;
				INFOPLIST_KEY_UIApplicationSupportsIndirectInputEvents = YES;
				INFOPLIST_KEY_UILaunchScreen_Generation = YES;
				INFOPLIST_KEY_UISupportedInterfaceOrientations_iPad = "UIInterfaceOrientationPortrait UIInterfaceOrientationPortraitUpsideDown UIInterfaceOrientationLandscapeLeft UIInterfaceOrientationLandscapeRight";
				INFOPLIST_KEY_UISupportedInterfaceOrientations_iPhone = "UIInterfaceOrientationPortrait UIInterfaceOrientationLandscapeLeft UIInterfaceOrientationLandscapeRight";
				LD_RUNPATH_SEARCH_PATHS = (
					"$(inherited)",
					"@executable_path/Frameworks",
				);
				MARKETING_VERSION = 1.0;
				PRODUCT_BUNDLE_IDENTIFIER = changhyen.GrapeTodo;
				PRODUCT_NAME = "$(TARGET_NAME)";
				SWIFT_EMIT_LOC_STRINGS = YES;
				SWIFT_VERSION = 5.0;
				TARGETED_DEVICE_FAMILY = "1,2";
			};
			name = Debug;
		};
		F406E5072BDF261E00C6CF56 /* Release */ = {
			isa = XCBuildConfiguration;
			buildSettings = {
				ASSETCATALOG_COMPILER_APPICON_NAME = AppIcon;
				ASSETCATALOG_COMPILER_GLOBAL_ACCENT_COLOR_NAME = AccentColor;
				CODE_SIGN_STYLE = Automatic;
				CURRENT_PROJECT_VERSION = 1;
				DEVELOPMENT_ASSET_PATHS = "\"GrapeTodo/Preview Content\"";
				DEVELOPMENT_TEAM = S33G38SRJ3;
				ENABLE_PREVIEWS = YES;
				GENERATE_INFOPLIST_FILE = YES;
				INFOPLIST_KEY_UIApplicationSceneManifest_Generation = YES;
				INFOPLIST_KEY_UIApplicationSupportsIndirectInputEvents = YES;
				INFOPLIST_KEY_UILaunchScreen_Generation = YES;
				INFOPLIST_KEY_UISupportedInterfaceOrientations_iPad = "UIInterfaceOrientationPortrait UIInterfaceOrientationPortraitUpsideDown UIInterfaceOrientationLandscapeLeft UIInterfaceOrientationLandscapeRight";
				INFOPLIST_KEY_UISupportedInterfaceOrientations_iPhone = "UIInterfaceOrientationPortrait UIInterfaceOrientationLandscapeLeft UIInterfaceOrientationLandscapeRight";
				LD_RUNPATH_SEARCH_PATHS = (
					"$(inherited)",
					"@executable_path/Frameworks",
				);
				MARKETING_VERSION = 1.0;
				PRODUCT_BUNDLE_IDENTIFIER = changhyen.GrapeTodo;
				PRODUCT_NAME = "$(TARGET_NAME)";
				SWIFT_EMIT_LOC_STRINGS = YES;
				SWIFT_VERSION = 5.0;
				TARGETED_DEVICE_FAMILY = "1,2";
			};
			name = Release;
		};
/* End XCBuildConfiguration section */

/* Begin XCConfigurationList section */
		F406E4F22BDF261D00C6CF56 /* Build configuration list for PBXProject "GrapeTodo" */ = {
			isa = XCConfigurationList;
			buildConfigurations = (
				F406E5032BDF261E00C6CF56 /* Debug */,
				F406E5042BDF261E00C6CF56 /* Release */,
			);
			defaultConfigurationIsVisible = 0;
			defaultConfigurationName = Release;
		};
		F406E5052BDF261E00C6CF56 /* Build configuration list for PBXNativeTarget "GrapeTodo" */ = {
			isa = XCConfigurationList;
			buildConfigurations = (
				F406E5062BDF261E00C6CF56 /* Debug */,
				F406E5072BDF261E00C6CF56 /* Release */,
			);
			defaultConfigurationIsVisible = 0;
			defaultConfigurationName = Release;
		};
/* End XCConfigurationList section */
	};
	rootObject = F406E4EF2BDF261D00C6CF56 /* Project object */;
}
